
Microsoft Visual Studio Solution File, Format Version 12.00
# Visual Studio Version 17
VisualStudioVersion = 17.10.35027.167
MinimumVisualStudioVersion = 10.0.40219.1
Project("{FAE04EC0-301F-11D3-BF4B-00C04F79EFBC}") = "ProVisionUSA_takeHomeTest", "ProVisionUSA_takeHomeTest\ProVisionUSA_takeHomeTest.csproj", "{1BCD6AC2-ECAC-41A3-922E-ABABC88E6153}"
EndProject
Global
	GlobalSection(SolutionConfigurationPlatforms) = preSolution
		Debug|Any CPU = Debug|Any CPU
		Release|Any CPU = Release|Any CPU
	EndGlobalSection
	GlobalSection(ProjectConfigurationPlatforms) = postSolution
		{1BCD6AC2-ECAC-41A3-922E-ABABC88E6153}.Debug|Any CPU.ActiveCfg = Debug|Any CPU
		{1BCD6AC2-ECAC-41A3-922E-ABABC88E6153}.Debug|Any CPU.Build.0 = Debug|Any CPU
		{1BCD6AC2-ECAC-41A3-922E-ABABC88E6153}.Release|Any CPU.ActiveCfg = Release|Any CPU
		{1BCD6AC2-ECAC-41A3-922E-ABABC88E6153}.Release|Any CPU.Build.0 = Release|Any CPU
	EndGlobalSection
	GlobalSection(SolutionProperties) = preSolution
		HideSolutionNode = FALSE
	EndGlobalSection
	GlobalSection(ExtensibilityGlobals) = postSolution
		SolutionGuid = {0728817C-5AF4-4723-A1BB-89A36DB77DF1}
	EndGlobalSection
EndGlobal
